
Microsoft Visual Studio Solution File, Format Version 12.00
# Visual Studio Version 17
VisualStudioVersion = 17.14.36414.22 d17.14
MinimumVisualStudioVersion = 10.0.40219.1
Project("{FAE04EC0-301F-11D3-BF4B-00C04F79EFBC}") = "PyramidBuilder'", "PyramidBuilder'.csproj", "{8402C4D8-2404-4585-87A3-E6E50EBBD668}"
EndProject
Global
	GlobalSection(SolutionConfigurationPlatforms) = preSolution
		Debug|Any CPU = Debug|Any CPU
		Release|Any CPU = Release|Any CPU
	EndGlobalSection
	GlobalSection(ProjectConfigurationPlatforms) = postSolution
		{8402C4D8-2404-4585-87A3-E6E50EBBD668}.Debug|Any CPU.ActiveCfg = Debug|Any CPU
		{8402C4D8-2404-4585-87A3-E6E50EBBD668}.Debug|Any CPU.Build.0 = Debug|Any CPU
		{8402C4D8-2404-4585-87A3-E6E50EBBD668}.Release|Any CPU.ActiveCfg = Release|Any CPU
		{8402C4D8-2404-4585-87A3-E6E50EBBD668}.Release|Any CPU.Build.0 = Release|Any CPU
	EndGlobalSection
	GlobalSection(SolutionProperties) = preSolution
		HideSolutionNode = FALSE
	EndGlobalSection
	GlobalSection(ExtensibilityGlobals) = postSolution
		SolutionGuid = {B8BC9606-9AFF-43B5-840C-796E93FF9164}
	EndGlobalSection
EndGlobal
